
Microsoft Visual Studio Solution File, Format Version 12.00
# Visual Studio Version 17
VisualStudioVersion = 17.11.35327.3
MinimumVisualStudioVersion = 10.0.40219.1
Project("{FAE04EC0-301F-11D3-BF4B-00C04F79EFBC}") = "WebApplicationYeni", "WebApplicationYeni\WebApplicationYeni.csproj", "{C834988E-6FCF-4B57-9E04-27E18474CEF1}"
EndProject
Project("{FAE04EC0-301F-11D3-BF4B-00C04F79EFBC}") = "EntityLayer", "EntityLayer\EntityLayer.csproj", "{CAB944C0-AC29-4E77-9B08-5D212CDBE581}"
EndProject
Project("{FAE04EC0-301F-11D3-BF4B-00C04F79EFBC}") = "BusinessLayer", "BusinessLayer\BusinessLayer.csproj", "{A41309E2-16BE-4E33-BAF8-D2B682E07417}"
EndProject
Project("{FAE04EC0-301F-11D3-BF4B-00C04F79EFBC}") = "DataAccessLayer", "DataAccessLayer\DataAccessLayer.csproj", "{23AE5A4B-F0CC-49C5-9A3C-5AB535F6C293}"
EndProject
Global
	GlobalSection(SolutionConfigurationPlatforms) = preSolution
		Debug|Any CPU = Debug|Any CPU
		Release|Any CPU = Release|Any CPU
	EndGlobalSection
	GlobalSection(ProjectConfigurationPlatforms) = postSolution
		{C834988E-6FCF-4B57-9E04-27E18474CEF1}.Debug|Any CPU.ActiveCfg = Debug|Any CPU
		{C834988E-6FCF-4B57-9E04-27E18474CEF1}.Debug|Any CPU.Build.0 = Debug|Any CPU
		{C834988E-6FCF-4B57-9E04-27E18474CEF1}.Release|Any CPU.ActiveCfg = Release|Any CPU
		{C834988E-6FCF-4B57-9E04-27E18474CEF1}.Release|Any CPU.Build.0 = Release|Any CPU
		{CAB944C0-AC29-4E77-9B08-5D212CDBE581}.Debug|Any CPU.ActiveCfg = Debug|Any CPU
		{CAB944C0-AC29-4E77-9B08-5D212CDBE581}.Debug|Any CPU.Build.0 = Debug|Any CPU
		{CAB944C0-AC29-4E77-9B08-5D212CDBE581}.Release|Any CPU.ActiveCfg = Release|Any CPU
		{CAB944C0-AC29-4E77-9B08-5D212CDBE581}.Release|Any CPU.Build.0 = Release|Any CPU
		{A41309E2-16BE-4E33-BAF8-D2B682E07417}.Debug|Any CPU.ActiveCfg = Debug|Any CPU
		{A41309E2-16BE-4E33-BAF8-D2B682E07417}.Debug|Any CPU.Build.0 = Debug|Any CPU
		{A41309E2-16BE-4E33-BAF8-D2B682E07417}.Release|Any CPU.ActiveCfg = Release|Any CPU
		{A41309E2-16BE-4E33-BAF8-D2B682E07417}.Release|Any CPU.Build.0 = Release|Any CPU
		{23AE5A4B-F0CC-49C5-9A3C-5AB535F6C293}.Debug|Any CPU.ActiveCfg = Debug|Any CPU
		{23AE5A4B-F0CC-49C5-9A3C-5AB535F6C293}.Debug|Any CPU.Build.0 = Debug|Any CPU
		{23AE5A4B-F0CC-49C5-9A3C-5AB535F6C293}.Release|Any CPU.ActiveCfg = Release|Any CPU
		{23AE5A4B-F0CC-49C5-9A3C-5AB535F6C293}.Release|Any CPU.Build.0 = Release|Any CPU
	EndGlobalSection
	GlobalSection(SolutionProperties) = preSolution
		HideSolutionNode = FALSE
	EndGlobalSection
	GlobalSection(ExtensibilityGlobals) = postSolution
		SolutionGuid = {71C3F83F-7AF1-44D1-8C46-D3130AD11971}
	EndGlobalSection
EndGlobal
